
Microsoft Visual Studio Solution File, Format Version 12.00
# Visual Studio 2012
Project("{FAE04EC0-301F-11D3-BF4B-00C04F79EFBC}") = "WorkerRoleAccelerator.Core", "Apps\workerroleaccelerator\src\WorkerRoleAccelerator.Core\WorkerRoleAccelerator.Core.csproj", "{4A04FE1B-840A-4EF4-810A-834300F9675F}"
EndProject
Project("{FAE04EC0-301F-11D3-BF4B-00C04F79EFBC}") = "AzureMultiTenantApp.Web", "Apps\wa-accelerator-webroles\code\AzureMultiTenantApp.Web\AzureMultiTenantApp.Web.csproj", "{AB0C275A-7C67-4D5A-BFC8-52B490FF6516}"
EndProject
Project("{CC5FD16D-436D-48AD-A40C-5A424C6E3E79}") = "AzureWithWebAccelerator", "Apps\AzureWithWebAccelerator\AzureWithWebAccelerator.ccproj", "{889E9FC0-7FAE-492B-96F9-D4472670613E}"
EndProject
Project("{CC5FD16D-436D-48AD-A40C-5A424C6E3E79}") = "DeveloperEmulator", "Apps\DeveloperEmulator\DeveloperEmulator.ccproj", "{EF08E7D6-0394-408E-A5F6-7EEA83117A75}"
EndProject
Project("{2150E333-8FDC-42A3-9474-1A3956D46DE8}") = "Deployment", "Deployment", "{69AF70C8-8D1D-45E8-80A0-308C3AD648E6}"
EndProject
Project("{2150E333-8FDC-42A3-9474-1A3956D46DE8}") = "Role Content", "Role Content", "{BB67931F-F2F6-40E7-AFAB-9AB6EB556B96}"
EndProject
Project("{CC5FD16D-436D-48AD-A40C-5A424C6E3E79}") = "AzureWithWebSites", "Apps\AzureWithWebSites\AzureWithWebSites.ccproj", "{01FB9C3B-72D2-4B6D-8D3E-D19B27DC50D2}"
EndProject
Project("{2150E333-8FDC-42A3-9474-1A3956D46DE8}") = "Advanced", "Advanced", "{1875848E-5B3C-4BB0-A132-607F41356265}"
EndProject
Global
	GlobalSection(SolutionConfigurationPlatforms) = preSolution
		Debug|Any CPU = Debug|Any CPU
		Release|Any CPU = Release|Any CPU
	EndGlobalSection
	GlobalSection(ProjectConfigurationPlatforms) = postSolution
		{4A04FE1B-840A-4EF4-810A-834300F9675F}.Debug|Any CPU.ActiveCfg = Debug|Any CPU
		{4A04FE1B-840A-4EF4-810A-834300F9675F}.Debug|Any CPU.Build.0 = Debug|Any CPU
		{4A04FE1B-840A-4EF4-810A-834300F9675F}.Release|Any CPU.ActiveCfg = Release|Any CPU
		{4A04FE1B-840A-4EF4-810A-834300F9675F}.Release|Any CPU.Build.0 = Release|Any CPU
		{AB0C275A-7C67-4D5A-BFC8-52B490FF6516}.Debug|Any CPU.ActiveCfg = Debug|Any CPU
		{AB0C275A-7C67-4D5A-BFC8-52B490FF6516}.Debug|Any CPU.Build.0 = Debug|Any CPU
		{AB0C275A-7C67-4D5A-BFC8-52B490FF6516}.Release|Any CPU.ActiveCfg = Release|Any CPU
		{AB0C275A-7C67-4D5A-BFC8-52B490FF6516}.Release|Any CPU.Build.0 = Release|Any CPU
		{889E9FC0-7FAE-492B-96F9-D4472670613E}.Debug|Any CPU.ActiveCfg = Debug|Any CPU
		{889E9FC0-7FAE-492B-96F9-D4472670613E}.Debug|Any CPU.Build.0 = Debug|Any CPU
		{889E9FC0-7FAE-492B-96F9-D4472670613E}.Release|Any CPU.ActiveCfg = Release|Any CPU
		{889E9FC0-7FAE-492B-96F9-D4472670613E}.Release|Any CPU.Build.0 = Release|Any CPU
		{EF08E7D6-0394-408E-A5F6-7EEA83117A75}.Debug|Any CPU.ActiveCfg = Debug|Any CPU
		{EF08E7D6-0394-408E-A5F6-7EEA83117A75}.Debug|Any CPU.Build.0 = Debug|Any CPU
		{EF08E7D6-0394-408E-A5F6-7EEA83117A75}.Release|Any CPU.ActiveCfg = Release|Any CPU
		{EF08E7D6-0394-408E-A5F6-7EEA83117A75}.Release|Any CPU.Build.0 = Release|Any CPU
		{01FB9C3B-72D2-4B6D-8D3E-D19B27DC50D2}.Debug|Any CPU.ActiveCfg = Debug|Any CPU
		{01FB9C3B-72D2-4B6D-8D3E-D19B27DC50D2}.Debug|Any CPU.Build.0 = Debug|Any CPU
		{01FB9C3B-72D2-4B6D-8D3E-D19B27DC50D2}.Release|Any CPU.ActiveCfg = Release|Any CPU
		{01FB9C3B-72D2-4B6D-8D3E-D19B27DC50D2}.Release|Any CPU.Build.0 = Release|Any CPU
	EndGlobalSection
	GlobalSection(SolutionProperties) = preSolution
		HideSolutionNode = FALSE
	EndGlobalSection
	GlobalSection(NestedProjects) = preSolution
		{AB0C275A-7C67-4D5A-BFC8-52B490FF6516} = {BB67931F-F2F6-40E7-AFAB-9AB6EB556B96}
		{4A04FE1B-840A-4EF4-810A-834300F9675F} = {BB67931F-F2F6-40E7-AFAB-9AB6EB556B96}
		{EF08E7D6-0394-408E-A5F6-7EEA83117A75} = {69AF70C8-8D1D-45E8-80A0-308C3AD648E6}
		{01FB9C3B-72D2-4B6D-8D3E-D19B27DC50D2} = {69AF70C8-8D1D-45E8-80A0-308C3AD648E6}
		{1875848E-5B3C-4BB0-A132-607F41356265} = {69AF70C8-8D1D-45E8-80A0-308C3AD648E6}
		{889E9FC0-7FAE-492B-96F9-D4472670613E} = {1875848E-5B3C-4BB0-A132-607F41356265}
	EndGlobalSection
EndGlobal
